{
  "version": 4,
  "terraform_version": "1.1.8",
  "serial": 3,
  "lineage": "697f7023-c69f-e0fc-ba00-c022445241e2",
  "outputs": {},
  "resources": [
    {
      "mode": "managed",
      "type": "github_repository",
      "name": "example_repo",
      "provider": "provider[\"registry.terraform.io/hashicorp/github\"]",
      "instances": [
        {
          "schema_version": 0,
          "attributes": {
            "allow_auto_merge": false,
            "allow_merge_commit": true,
            "allow_rebase_merge": true,
            "allow_squash_merge": true,
            "archive_on_destroy": null,
            "archived": false,
            "auto_init": null,
            "branches": [
              {
                "name": "main",
                "protected": false
              }
            ],
            "default_branch": "main",
            "delete_branch_on_merge": false,
            "description": "My awesome repo.",
            "etag": "W/\"08371a4d34570fe481f741c4ca2f48699e5149a0e1adeeee95772182a7d53d19\"",
            "full_name": "GaRiY/example",
            "git_clone_url": "git://github.com/GaRiY/example.git",
            "gitignore_template": null,
            "has_downloads": false,
            "has_issues": false,
            "has_projects": false,
            "has_wiki": false,
            "homepage_url": "",
            "html_url": "https://github.com/GaRiY/example",
            "http_clone_url": "https://github.com/GaRiY/example.git",
            "id": "example",
            "ignore_vulnerability_alerts_during_read": null,
            "is_template": false,
            "license_template": null,
            "name": "example",
            "node_id": "R_kgDOHuv0LA",
            "pages": [],
            "private": true,
            "repo_id": 518779948,
            "ssh_clone_url": "git@github.com:GaRiY/example.git",
            "svn_url": "https://github.com/GaRiY/example",
            "template": [
              {
                "owner": "GaRiY",
                "repository": "test_template"
              }
            ],
            "topics": null,
            "visibility": "private",
            "vulnerability_alerts": false
          },
          "sensitive_attributes": [],
          "private": "bnVsbA=="
        }
      ]
    }
  ]
}
